// !$*UTF8*$!
{
	archiveVersion = 1;
	classes = {
	};
	objectVersion = 46;
	objects = {

/* Begin PBXBuildFile section */
		67A9D8C21C0CD3BA00B1D997 /* AppDelegate.swift in Sources */ = {isa = PBXBuildFile; fileRef = 67A9D8C11C0CD3BA00B1D997 /* AppDelegate.swift */; };
		67A9D8C41C0CD3BA00B1D997 /* ViewController.swift in Sources */ = {isa = PBXBuildFile; fileRef = 67A9D8C31C0CD3BA00B1D997 /* ViewController.swift */; };
		67A9D8C71C0CD3BA00B1D997 /* Main.storyboard in Resources */ = {isa = PBXBuildFile; fileRef = 67A9D8C51C0CD3BA00B1D997 /* Main.storyboard */; };
		67A9D8C91C0CD3BA00B1D997 /* Assets.xcassets in Resources */ = {isa = PBXBuildFile; fileRef = 67A9D8C81C0CD3BA00B1D997 /* Assets.xcassets */; };
		67A9D8CC1C0CD3BA00B1D997 /* LaunchScreen.storyboard in Resources */ = {isa = PBXBuildFile; fileRef = 67A9D8CA1C0CD3BA00B1D997 /* LaunchScreen.storyboard */; };
		67A9D8D81C0CDBCB00B1D997 /* 7bf17d33.jpeg in Resources */ = {isa = PBXBuildFile; fileRef = 67A9D8D71C0CDBCB00B1D997 /* 7bf17d33.jpeg */; };
/* End PBXBuildFile section */

/* Begin PBXFileReference section */
		67A9D8BE1C0CD3BA00B1D997 /* What Is The Weather.app */ = {isa = PBXFileReference; explicitFileType = wrapper.application; includeInIndex = 0; path = "What Is The Weather.app"; sourceTree = BUILT_PRODUCTS_DIR; };
		67A9D8C11C0CD3BA00B1D997 /* AppDelegate.swift */ = {isa = PBXFileReference; lastKnownFileType = sourcecode.swift; path = AppDelegate.swift; sourceTree = "<group>"; };
		67A9D8C31C0CD3BA00B1D997 /* ViewController.swift */ = {isa = PBXFileReference; lastKnownFileType = sourcecode.swift; path = ViewController.swift; sourceTree = "<group>"; };
		67A9D8C61C0CD3BA00B1D997 /* Base */ = {isa = PBXFileReference; lastKnownFileType = file.storyboard; name = Base; path = Base.lproj/Main.storyboard; sourceTree = "<group>"; };
		67A9D8C81C0CD3BA00B1D997 /* Assets.xcassets */ = {isa = PBXFileReference; lastKnownFileType = folder.assetcatalog; path = Assets.xcassets; sourceTree = "<group>"; };
		67A9D8CB1C0CD3BA00B1D997 /* Base */ = {isa = PBXFileReference; lastKnownFileType = file.storyboard; name = Base; path = Base.lproj/LaunchScreen.storyboard; sourceTree = "<group>"; };
		67A9D8CD1C0CD3BA00B1D997 /* Info.plist */ = {isa = PBXFileReference; lastKnownFileType = text.plist.xml; path = Info.plist; sourceTree = "<group>"; };
		67A9D8D71C0CDBCB00B1D997 /* 7bf17d33.jpeg */ = {isa = PBXFileReference; lastKnownFileType = image.jpeg; path = 7bf17d33.jpeg; sourceTree = "<group>"; };
/* End PBXFileReference section */

/* Begin PBXFrameworksBuildPhase section */
		67A9D8BB1C0CD3BA00B1D997 /* Frameworks */ = {
			isa = PBXFrameworksBuildPhase;
			buildActionMask = 2147483647;
			files = (
			);
			runOnlyForDeploymentPostprocessing = 0;
		};
/* End PBXFrameworksBuildPhase section */

/* Begin PBXGroup section */
		67A9D8B51C0CD3BA00B1D997 = {
			isa = PBXGroup;
			children = (
				67A9D8C01C0CD3BA00B1D997 /* What Is The Weather */,
				67A9D8BF1C0CD3BA00B1D997 /* Products */,
			);
			sourceTree = "<group>";
		};
		67A9D8BF1C0CD3BA00B1D997 /* Products */ = {
			isa = PBXGroup;
			children = (
				67A9D8BE1C0CD3BA00B1D997 /* What Is The Weather.app */,
			);
			name = Products;
			sourceTree = "<group>";
		};
		67A9D8C01C0CD3BA00B1D997 /* What Is The Weather */ = {
			isa = PBXGroup;
			children = (
				67A9D8C11C0CD3BA00B1D997 /* AppDelegate.swift */,
				67A9D8C31C0CD3BA00B1D997 /* ViewController.swift */,
				67A9D8C51C0CD3BA00B1D997 /* Main.storyboard */,
				67A9D8C81C0CD3BA00B1D997 /* Assets.xcassets */,
				67A9D8CA1C0CD3BA00B1D997 /* LaunchScreen.storyboard */,
				67A9D8CD1C0CD3BA00B1D997 /* Info.plist */,
				67A9D8D71C0CDBCB00B1D997 /* 7bf17d33.jpeg */,
			);
			path = "What Is The Weather";
			sourceTree = "<group>";
		};
/* End PBXGroup section */

/* Begin PBXNativeTarget section */
		67A9D8BD1C0CD3BA00B1D997 /* What Is The Weather */ = {
			isa = PBXNativeTarget;
			buildConfigurationList = 67A9D8D01C0CD3BA00B1D997 /* Build configuration list for PBXNativeTarget "What Is The Weather" */;
			buildPhases = (
				67A9D8BA1C0CD3BA00B1D997 /* Sources */,
				67A9D8BB1C0CD3BA00B1D997 /* Frameworks */,
				67A9D8BC1C0CD3BA00B1D997 /* Resources */,
			);
			buildRules = (
			);
			dependencies = (
			);
			name = "What Is The Weather";
			productName = "What Is The Weather";
			productReference = 67A9D8BE1C0CD3BA00B1D997 /* What Is The Weather.app */;
			productType = "com.apple.product-type.application";
		};
/* End PBXNativeTarget section */

/* Begin PBXProject section */
		67A9D8B61C0CD3BA00B1D997 /* Project object */ = {
			isa = PBXProject;
			attributes = {
				LastSwiftUpdateCheck = 0710;
				LastUpgradeCheck = 0710;
				ORGANIZATIONNAME = "Isaac Granillo";
				TargetAttributes = {
					67A9D8BD1C0CD3BA00B1D997 = {
						CreatedOnToolsVersion = 7.1.1;
						DevelopmentTeam = H23Q9W224K;
					};
				};
			};
			buildConfigurationList = 67A9D8B91C0CD3BA00B1D997 /* Build configuration list for PBXProject "What Is The Weather" */;
			compatibilityVersion = "Xcode 3.2";
			developmentRegion = English;
			hasScannedForEncodings = 0;
			knownRegions = (
				en,
				Base,
			);
			mainGroup = 67A9D8B51C0CD3BA00B1D997;
			productRefGroup = 67A9D8BF1C0CD3BA00B1D997 /* Products */;
			projectDirPath = "";
			projectRoot = "";
			targets = (
				67A9D8BD1C0CD3BA00B1D997 /* What Is The Weather */,
			);
		};
/* End PBXProject section */

/* Begin PBXResourcesBuildPhase section */
		67A9D8BC1C0CD3BA00B1D997 /* Resources */ = {
			isa = PBXResourcesBuildPhase;
			buildActionMask = 2147483647;
			files = (
				67A9D8CC1C0CD3BA00B1D997 /* LaunchScreen.storyboard in Resources */,
				67A9D8C91C0CD3BA00B1D997 /* Assets.xcassets in Resources */,
				67A9D8D81C0CDBCB00B1D997 /* 7bf17d33.jpeg in Resources */,
				67A9D8C71C0CD3BA00B1D997 /* Main.storyboard in Resources */,
			);
			runOnlyForDeploymentPostprocessing = 0;
		};
/* End PBXResourcesBuildPhase section */

/* Begin PBXSourcesBuildPhase section */
		67A9D8BA1C0CD3BA00B1D997 /* Sources */ = {
			isa = PBXSourcesBuildPhase;
			buildActionMask = 2147483647;
			files = (
				67A9D8C41C0CD3BA00B1D997 /* ViewController.swift in Sources */,
				67A9D8C21C0CD3BA00B1D997 /* AppDelegate.swift in Sources */,
			);
			runOnlyForDeploymentPostprocessing = 0;
		};
/* End PBXSourcesBuildPhase section */

/* Begin PBXVariantGroup section */
		67A9D8C51C0CD3BA00B1D997 /* Main.storyboard */ = {
			isa = PBXVariantGroup;
			children = (
				67A9D8C61C0CD3BA00B1D997 /* Base */,
			);
			name = Main.storyboard;
			sourceTree = "<group>";
		};
		67A9D8CA1C0CD3BA00B1D997 /* LaunchScreen.storyboard */ = {
			isa = PBXVariantGroup;
			children = (
				67A9D8CB1C0CD3BA00B1D997 /* Base */,
			);
			name = LaunchScreen.storyboard;
			sourceTree = "<group>";
		};
/* End PBXVariantGroup section */

/* Begin XCBuildConfiguration section */
		67A9D8CE1C0CD3BA00B1D997 /* Debug */ = {
			isa = XCBuildConfiguration;
			buildSettings = {
				ALWAYS_SEARCH_USER_PATHS = NO;
				CLANG_CXX_LANGUAGE_STANDARD = "gnu++0x";
				CLANG_CXX_LIBRARY = "libc++";
				CLANG_ENABLE_MODULES = YES;
				CLANG_ENABLE_OBJC_ARC = YES;
				CLANG_WARN_BOOL_CONVERSION = YES;
				CLANG_WARN_CONSTANT_CONVERSION = YES;
				CLANG_WARN_DIRECT_OBJC_ISA_USAGE = YES_ERROR;
				CLANG_WARN_EMPTY_BODY = YES;
				CLANG_WARN_ENUM_CONVERSION = YES;
				CLANG_WARN_INT_CONVERSION = YES;
				CLANG_WARN_OBJC_ROOT_CLASS = YES_ERROR;
				CLANG_WARN_UNREACHABLE_CODE = YES;
				CLANG_WARN__DUPLICATE_METHOD_MATCH = YES;
				"CODE_SIGN_IDENTITY[sdk=iphoneos*]" = "iPhone Developer";
				COPY_PHASE_STRIP = NO;
				DEBUG_INFORMATION_FORMAT = dwarf;
				ENABLE_STRICT_OBJC_MSGSEND = YES;
				ENABLE_TESTABILITY = YES;
				GCC_C_LANGUAGE_STANDARD = gnu99;
				GCC_DYNAMIC_NO_PIC = NO;
				GCC_NO_COMMON_BLOCKS = YES;
				GCC_OPTIMIZATION_LEVEL = 0;
				GCC_PREPROCESSOR_DEFINITIONS = (
					"DEBUG=1",
					"$(inherited)",
				);
				GCC_WARN_64_TO_32_BIT_CONVERSION = YES;
				GCC_WARN_ABOUT_RETURN_TYPE = YES_ERROR;
				GCC_WARN_UNDECLARED_SELECTOR = YES;
				GCC_WARN_UNINITIALIZED_AUTOS = YES_AGGRESSIVE;
				GCC_WARN_UNUSED_FUNCTION = YES;
				GCC_WARN_UNUSED_VARIABLE = YES;
				IPHONEOS_DEPLOYMENT_TARGET = 9.1;
				MTL_ENABLE_DEBUG_INFO = YES;
				ONLY_ACTIVE_ARCH = YES;
				SDKROOT = iphoneos;
				SWIFT_OPTIMIZATION_LEVEL = "-Onone";
			};
			name = Debug;
		};
		67A9D8CF1C0CD3BA00B1D997 /* Release */ = {
			isa = XCBuildConfiguration;
			buildSettings = {
				ALWAYS_SEARCH_USER_PATHS = NO;
				CLANG_CXX_LANGUAGE_STANDARD = "gnu++0x";
				CLANG_CXX_LIBRARY = "libc++";
				CLANG_ENABLE_MODULES = YES;
				CLANG_ENABLE_OBJC_ARC = YES;
				CLANG_WARN_BOOL_CONVERSION = YES;
				CLANG_WARN_CONSTANT_CONVERSION = YES;
				CLANG_WARN_DIRECT_OBJC_ISA_USAGE = YES_ERROR;
				CLANG_WARN_EMPTY_BODY = YES;
				CLANG_WARN_ENUM_CONVERSION = YES;
				CLANG_WARN_INT_CONVERSION = YES;
				CLANG_WARN_OBJC_ROOT_CLASS = YES_ERROR;
				CLANG_WARN_UNREACHABLE_CODE = YES;
				CLANG_WARN__DUPLICATE_METHOD_MATCH = YES;
				"CODE_SIGN_IDENTITY[sdk=iphoneos*]" = "iPhone Developer";
				COPY_PHASE_STRIP = NO;
				DEBUG_INFORMATION_FORMAT = "dwarf-with-dsym";
				ENABLE_NS_ASSERTIONS = NO;
				ENABLE_STRICT_OBJC_MSGSEND = YES;
				GCC_C_LANGUAGE_STANDARD = gnu99;
				GCC_NO_COMMON_BLOCKS = YES;
				GCC_WARN_64_TO_32_BIT_CONVERSION = YES;
				GCC_WARN_ABOUT_RETURN_TYPE = YES_ERROR;
				GCC_WARN_UNDECLARED_SELECTOR = YES;
				GCC_WARN_UNINITIALIZED_AUTOS = YES_AGGRESSIVE;
				GCC_WARN_UNUSED_FUNCTION = YES;
				GCC_WARN_UNUSED_VARIABLE = YES;
				IPHONEOS_DEPLOYMENT_TARGET = 9.1;
				MTL_ENABLE_DEBUG_INFO = NO;
				SDKROOT = iphoneos;
				VALIDATE_PRODUCT = YES;
			};
			name = Release;
		};
		67A9D8D11C0CD3BA00B1D997 /* Debug */ = {
			isa = XCBuildConfiguration;
			buildSettings = {
				ASSETCATALOG_COMPILER_APPICON_NAME = AppIcon;
				INFOPLIST_FILE = "What Is The Weather/Info.plist";
				LD_RUNPATH_SEARCH_PATHS = "$(inherited) @executable_path/Frameworks";
				PRODUCT_BUNDLE_IDENTIFIER = "Isaac-Granillo.What-Is-The-Weather";
				PRODUCT_NAME = "$(TARGET_NAME)";
			};
			name = Debug;
		};
		67A9D8D21C0CD3BA00B1D997 /* Release */ = {
			isa = XCBuildConfiguration;
			buildSettings = {
				ASSETCATALOG_COMPILER_APPICON_NAME = AppIcon;
				INFOPLIST_FILE = "What Is The Weather/Info.plist";
				LD_RUNPATH_SEARCH_PATHS = "$(inherited) @executable_path/Frameworks";
				PRODUCT_BUNDLE_IDENTIFIER = "Isaac-Granillo.What-Is-The-Weather";
				PRODUCT_NAME = "$(TARGET_NAME)";
			};
			name = Release;
		};
/* End XCBuildConfiguration section */

/* Begin XCConfigurationList section */
		67A9D8B91C0CD3BA00B1D997 /* Build configuration list for PBXProject "What Is The Weather" */ = {
			isa = XCConfigurationList;
			buildConfigurations = (
				67A9D8CE1C0CD3BA00B1D997 /* Debug */,
				67A9D8CF1C0CD3BA00B1D997 /* Release */,
			);
			defaultConfigurationIsVisible = 0;
			defaultConfigurationName = Release;
		};
		67A9D8D01C0CD3BA00B1D997 /* Build configuration list for PBXNativeTarget "What Is The Weather" */ = {
			isa = XCConfigurationList;
			buildConfigurations = (
				67A9D8D11C0CD3BA00B1D997 /* Debug */,
				67A9D8D21C0CD3BA00B1D997 /* Release */,
			);
			defaultConfigurationIsVisible = 0;
			defaultConfigurationName = Release;
		};
/* End XCConfigurationList section */
	};
	rootObject = 67A9D8B61C0CD3BA00B1D997 /* Project object */;
}
